<?xml version="1.0" encoding="utf-8"?>
<Project ToolsVersion="4.0" xmlns="http://schemas.microsoft.com/developer/msbuild/2003">
  <ItemGroup>
    <Filter Include="Source Files">
      <UniqueIdentifier>{4FC737F1-C7A5-4376-A066-2A32D752A2FF}</UniqueIdentifier>
      <Extensions>cpp;c;cc;cxx;c++;cppm;ixx;def;odl;idl;hpj;bat;asm;asmx</Extensions>
    </Filter>
    <Filter Include="Header Files">
      <UniqueIdentifier>{93995380-89BD-4b04-88EB-625FBE52EBFB}</UniqueIdentifier>
      <Extensions>h;hh;hpp;hxx;h++;hm;inl;inc;ipp;xsd</Extensions>
    </Filter>
    <Filter Include="Resource Files">
      <UniqueIdentifier>{67DA6AB6-F800-4c08-8B7A-83BB121AAD01}</UniqueIdentifier>
      <Extensions>rc;ico;cur;bmp;dlg;rc2;rct;bin;rgs;gif;jpg;jpeg;jpe;resx;tiff;tif;png;wav;mfcribbon-ms</Extensions>
    </Filter>
    <Filter Include="Resource Files\Inputs">
      <UniqueIdentifier>{5158dbd7-ab9f-41fc-8d53-ab3b4748e987}</UniqueIdentifier>
    </Filter>
    <Filter Include="Source Files\Solutions">
      <UniqueIdentifier>{d2ead0d2-589c-4bd2-a24f-41ad8824ffc3}</UniqueIdentifier>
    </Filter>
  </ItemGroup>
  <ItemGroup>
    <ClCompile Include="AdventOfCode2021.cpp">
      <Filter>Source Files</Filter>
    </ClCompile>
    <ClCompile Include="OneOne.cpp">
      <Filter>Source Files\Solutions</Filter>
    </ClCompile>
    <ClCompile Include="OneTwo.cpp">
      <Filter>Source Files\Solutions</Filter>
    </ClCompile>
    <ClCompile Include="Two.cpp">
      <Filter>Source Files\Solutions</Filter>
    </ClCompile>
    <ClCompile Include="Three.cpp">
      <Filter>Source Files\Solutions</Filter>
    </ClCompile>
    <ClCompile Include="ISolution.cpp">
      <Filter>Source Files\Solutions</Filter>
    </ClCompile>
  </ItemGroup>
  <ItemGroup>
    <Text Include="Inputs\One.txt">
      <Filter>Resource Files\Inputs</Filter>
    </Text>
    <Text Include="Inputs\Two.txt">
      <Filter>Resource Files\Inputs</Filter>
    </Text>
    <Text Include="Inputs\Three.txt">
      <Filter>Resource Files\Inputs</Filter>
    </Text>
  </ItemGroup>
  <ItemGroup>
    <ClInclude Include="OneOne.h">
      <Filter>Source Files\Solutions</Filter>
    </ClInclude>
    <ClInclude Include="ISolution.h">
      <Filter>Source Files\Solutions</Filter>
    </ClInclude>
    <ClInclude Include="OneTwo.h">
      <Filter>Source Files\Solutions</Filter>
    </ClInclude>
    <ClInclude Include="Two.h">
      <Filter>Source Files\Solutions</Filter>
    </ClInclude>
    <ClInclude Include="Three.h">
      <Filter>Source Files\Solutions</Filter>
    </ClInclude>
  </ItemGroup>
</Project>